
Microsoft Visual Studio Solution File, Format Version 12.00
# Visual Studio Version 17
VisualStudioVersion = 17.3.32804.467
MinimumVisualStudioVersion = 10.0.40219.1
Project("{FAE04EC0-301F-11D3-BF4B-00C04F79EFBC}") = "Cursov1", "Cursov1\Cursov1.csproj", "{C329771E-166F-4279-9239-A354F657625B}"
EndProject
Global
	GlobalSection(SolutionConfigurationPlatforms) = preSolution
		Debug|Any CPU = Debug|Any CPU
		Release|Any CPU = Release|Any CPU
	EndGlobalSection
	GlobalSection(ProjectConfigurationPlatforms) = postSolution
		{C329771E-166F-4279-9239-A354F657625B}.Debug|Any CPU.ActiveCfg = Debug|Any CPU
		{C329771E-166F-4279-9239-A354F657625B}.Debug|Any CPU.Build.0 = Debug|Any CPU
		{C329771E-166F-4279-9239-A354F657625B}.Release|Any CPU.ActiveCfg = Release|Any CPU
		{C329771E-166F-4279-9239-A354F657625B}.Release|Any CPU.Build.0 = Release|Any CPU
	EndGlobalSection
	GlobalSection(SolutionProperties) = preSolution
		HideSolutionNode = FALSE
	EndGlobalSection
	GlobalSection(ExtensibilityGlobals) = postSolution
		SolutionGuid = {1283F8E8-6948-474B-B6A9-B210BD35D57A}
	EndGlobalSection
EndGlobal
